
Microsoft Visual Studio Solution File, Format Version 12.00
# Visual Studio 2012
Project("{FAE04EC0-301F-11D3-BF4B-00C04F79EFBC}") = "RelyingParty.WebForms", "RelyingParty.WebForms\RelyingParty.WebForms.csproj", "{B7C81A89-081D-4F99-B2DF-6670729FE127}"
EndProject
Project("{FAE04EC0-301F-11D3-BF4B-00C04F79EFBC}") = "RelyingParty.Mvc", "RelyingParty.Mvc\RelyingParty.Mvc.csproj", "{B8652885-3C7B-4919-A4C9-88B32E638FF8}"
EndProject
Project("{FAE04EC0-301F-11D3-BF4B-00C04F79EFBC}") = "RelyingParty.WebApi", "RelyingParty.WebApi\RelyingParty.WebApi.csproj", "{2D930340-DC88-4847-AA97-1614133BF628}"
EndProject
Project("{2150E333-8FDC-42A3-9474-1A3956D46DE8}") = ".nuget", ".nuget", "{46E219C1-B811-4D2E-B500-B3F2F573252E}"
	ProjectSection(SolutionItems) = preProject
		.nuget\NuGet.Config = .nuget\NuGet.Config
		.nuget\NuGet.exe = .nuget\NuGet.exe
		.nuget\NuGet.targets = .nuget\NuGet.targets
	EndProjectSection
EndProject
Project("{FAE04EC0-301F-11D3-BF4B-00C04F79EFBC}") = "RelyingParty.Core", "RelyingParty.Core\RelyingParty.Core.csproj", "{45F0C424-CE81-4EC4-B8C3-95857A669E19}"
EndProject
Global
	GlobalSection(SolutionConfigurationPlatforms) = preSolution
		Debug|Any CPU = Debug|Any CPU
		Release|Any CPU = Release|Any CPU
	EndGlobalSection
	GlobalSection(ProjectConfigurationPlatforms) = postSolution
		{B7C81A89-081D-4F99-B2DF-6670729FE127}.Debug|Any CPU.ActiveCfg = Debug|Any CPU
		{B7C81A89-081D-4F99-B2DF-6670729FE127}.Debug|Any CPU.Build.0 = Debug|Any CPU
		{B7C81A89-081D-4F99-B2DF-6670729FE127}.Release|Any CPU.ActiveCfg = Release|Any CPU
		{B7C81A89-081D-4F99-B2DF-6670729FE127}.Release|Any CPU.Build.0 = Release|Any CPU
		{B8652885-3C7B-4919-A4C9-88B32E638FF8}.Debug|Any CPU.ActiveCfg = Debug|Any CPU
		{B8652885-3C7B-4919-A4C9-88B32E638FF8}.Debug|Any CPU.Build.0 = Debug|Any CPU
		{B8652885-3C7B-4919-A4C9-88B32E638FF8}.Release|Any CPU.ActiveCfg = Release|Any CPU
		{B8652885-3C7B-4919-A4C9-88B32E638FF8}.Release|Any CPU.Build.0 = Release|Any CPU
		{2D930340-DC88-4847-AA97-1614133BF628}.Debug|Any CPU.ActiveCfg = Debug|Any CPU
		{2D930340-DC88-4847-AA97-1614133BF628}.Debug|Any CPU.Build.0 = Debug|Any CPU
		{2D930340-DC88-4847-AA97-1614133BF628}.Release|Any CPU.ActiveCfg = Release|Any CPU
		{2D930340-DC88-4847-AA97-1614133BF628}.Release|Any CPU.Build.0 = Release|Any CPU
		{45F0C424-CE81-4EC4-B8C3-95857A669E19}.Debug|Any CPU.ActiveCfg = Debug|Any CPU
		{45F0C424-CE81-4EC4-B8C3-95857A669E19}.Debug|Any CPU.Build.0 = Debug|Any CPU
		{45F0C424-CE81-4EC4-B8C3-95857A669E19}.Release|Any CPU.ActiveCfg = Release|Any CPU
		{45F0C424-CE81-4EC4-B8C3-95857A669E19}.Release|Any CPU.Build.0 = Release|Any CPU
	EndGlobalSection
	GlobalSection(SolutionProperties) = preSolution
		HideSolutionNode = FALSE
	EndGlobalSection
EndGlobal
